
Microsoft Visual Studio Solution File, Format Version 12.00
# Visual Studio Version 16
VisualStudioVersion = 16.0.30011.22
MinimumVisualStudioVersion = 10.0.40219.1
Project("{888888A0-9F3D-457C-B088-3A5042F75D52}") = "TelegramKaskoBot", "TelegramKaskoBot.pyproj", "{4FE1C1CE-B51A-4A07-91CC-60B6ECF5BC78}"
EndProject
Global
	GlobalSection(SolutionConfigurationPlatforms) = preSolution
		Debug|Any CPU = Debug|Any CPU
		Release|Any CPU = Release|Any CPU
	EndGlobalSection
	GlobalSection(ProjectConfigurationPlatforms) = postSolution
		{4FE1C1CE-B51A-4A07-91CC-60B6ECF5BC78}.Debug|Any CPU.ActiveCfg = Debug|Any CPU
		{4FE1C1CE-B51A-4A07-91CC-60B6ECF5BC78}.Debug|Any CPU.Build.0 = Debug|Any CPU
		{4FE1C1CE-B51A-4A07-91CC-60B6ECF5BC78}.Release|Any CPU.ActiveCfg = Release|Any CPU
		{4FE1C1CE-B51A-4A07-91CC-60B6ECF5BC78}.Release|Any CPU.Build.0 = Release|Any CPU
	EndGlobalSection
	GlobalSection(SolutionProperties) = preSolution
		HideSolutionNode = FALSE
	EndGlobalSection
	GlobalSection(ExtensibilityGlobals) = postSolution
		SolutionGuid = {346A0DAB-E3A8-4527-9613-198E04587DD7}
	EndGlobalSection
EndGlobal
